lockfileVersion: '9.0'

settings:
  autoInstallPeers: true
  excludeLinksFromLockfile: false

importers:

  .:
    devDependencies:
      '@cloudflare/workers-types':
        specifier: ^4.20250414.0
        version: 4.20250414.0

packages:

  '@cloudflare/workers-types@4.20250414.0':
    resolution: {integrity: sha512-ZHl8LiyUMWiIxYqpasen8Lc75Ef+0afqL26TEd95eRIi5kgkEbjDJ7uIUnpxMoZTRI0J8Hy5YEPtt4nFXt+TpA==}

snapshots:

  '@cloudflare/workers-types@4.20250414.0': {}
